{
    "_meta": {
        "hash": {
            "sha256": "7ff6e1acd48f1d85e2efc0610b0c6369915f36bd5719ad49e7f0d197cd9a0873"
        },
        "pipfile-spec": 6,
        "requires": {
            "python_version": "3.12"
        },
        "sources": [
            {
                "name": "pypi",
                "url": "https://pypi.org/simple",
                "verify_ssl": true
            }
        ]
    },
    "default": {
        "asgiref": {
            "hashes": [
                "sha256:89b2ef2247e3b562a16eef663bc0e2e703ec6468e2fa8a5cd61cd449786d4f6e",
                "sha256:9e0ce3aa93a819ba5b45120216b23878cf6e8525eb3848653452b4192b92afed"
            ],
            "markers": "python_version >= '3.7'",
            "version": "==3.7.2"
        },
        "django": {
            "hashes": [
                "sha256:a2d4c4d4ea0b6f0895acde632071aff6400bfc331228fc978b05452a0ff3e9f1",
                "sha256:b1260ed381b10a11753c73444408e19869f3241fc45c985cd55a30177c789d13"
            ],
            "index": "pypi",
            "markers": "python_version >= '3.8'",
            "version": "==4.2.10"
        },
        "sqlparse": {
            "hashes": [
                "sha256:5430a4fe2ac7d0f93e66f1efc6e1338a41884b7ddf2a350cedd20ccc4d9d28f3",
                "sha256:d446183e84b8349fa3061f0fe7f06ca94ba65b426946ffebe6e3e8295332420c"
            ],
            "markers": "python_version >= '3.5'",
            "version": "==0.4.4"
        },
        "tzdata": {
            "hashes": [
                "sha256:2674120f8d891909751c38abcdfd386ac0a5a1127954fbc332af6b5ceae07efd",
                "sha256:9068bc196136463f5245e51efda838afa15aaeca9903f49050dfa2679db4d252"
            ],
            "markers": "sys_platform == 'win32'",
            "version": "==2024.1"
        }
    },
    "develop": {}
}
